// !$*UTF8*$!
{
	archiveVersion = 1;
	classes = {
	};
	objectVersion = 77;
	objects = {

/* Begin PBXContainerItemProxy section */
		FFA618252D5E9DB800BF07F3 /* PBXContainerItemProxy */ = {
			isa = PBXContainerItemProxy;
			containerPortal = FFA618062D5E9DB700BF07F3 /* Project object */;
			proxyType = 1;
			remoteGlobalIDString = FFA6180D2D5E9DB700BF07F3;
			remoteInfo = currencyConverter;
		};
		FFA6182F2D5E9DB800BF07F3 /* PBXContainerItemProxy */ = {
			isa = PBXContainerItemProxy;
			containerPortal = FFA618062D5E9DB700BF07F3 /* Project object */;
			proxyType = 1;
			remoteGlobalIDString = FFA6180D2D5E9DB700BF07F3;
			remoteInfo = currencyConverter;
		};
/* End PBXContainerItemProxy section */

/* Begin PBXFileReference section */
		FFA6180E2D5E9DB700BF07F3 /* currencyConverter.app */ = {isa = PBXFileReference; explicitFileType = wrapper.application; includeInIndex = 0; path = currencyConverter.app; sourceTree = BUILT_PRODUCTS_DIR; };
		FFA618242D5E9DB800BF07F3 /* currencyConverterTests.xctest */ = {isa = PBXFileReference; explicitFileType = wrapper.cfbundle; includeInIndex = 0; path = currencyConverterTests.xctest; sourceTree = BUILT_PRODUCTS_DIR; };
		FFA6182E2D5E9DB800BF07F3 /* currencyConverterUITests.xctest */ = {isa = PBXFileReference; explicitFileType = wrapper.cfbundle; includeInIndex = 0; path = currencyConverterUITests.xctest; sourceTree = BUILT_PRODUCTS_DIR; };
/* End PBXFileReference section */

/* Begin PBXFileSystemSynchronizedBuildFileExceptionSet section */
		FFA618362D5E9DB800BF07F3 /* Exceptions for "currencyConverter" folder in "currencyConverter" target */ = {
			isa = PBXFileSystemSynchronizedBuildFileExceptionSet;
			membershipExceptions = (
				Info.plist,
			);
			target = FFA6180D2D5E9DB700BF07F3 /* currencyConverter */;
		};
/* End PBXFileSystemSynchronizedBuildFileExceptionSet section */

/* Begin PBXFileSystemSynchronizedRootGroup section */
		FFA618102D5E9DB700BF07F3 /* currencyConverter */ = {
			isa = PBXFileSystemSynchronizedRootGroup;
			exceptions = (
				FFA618362D5E9DB800BF07F3 /* Exceptions for "currencyConverter" folder in "currencyConverter" target */,
			);
			path = currencyConverter;
			sourceTree = "<group>";
		};
		FFA618272D5E9DB800BF07F3 /* currencyConverterTests */ = {
			isa = PBXFileSystemSynchronizedRootGroup;
			path = currencyConverterTests;
			sourceTree = "<group>";
		};
		FFA618312D5E9DB800BF07F3 /* currencyConverterUITests */ = {
			isa = PBXFileSystemSynchronizedRootGroup;
			path = currencyConverterUITests;
			sourceTree = "<group>";
		};
/* End PBXFileSystemSynchronizedRootGroup section */

/* Begin PBXFrameworksBuildPhase section */
		FFA6180B2D5E9DB700BF07F3 /* Frameworks */ = {
			isa = PBXFrameworksBuildPhase;
			buildActionMask = 2147483647;
			files = (
			);
			runOnlyForDeploymentPostprocessing = 0;
		};
		FFA618212D5E9DB800BF07F3 /* Frameworks */ = {
			isa = PBXFrameworksBuildPhase;
			buildActionMask = 2147483647;
			files = (
			);
			runOnlyForDeploymentPostprocessing = 0;
		};
		FFA6182B2D5E9DB800BF07F3 /* Frameworks */ = {
			isa = PBXFrameworksBuildPhase;
			buildActionMask = 2147483647;
			files = (
			);
			runOnlyForDeploymentPostprocessing = 0;
		};
/* End PBXFrameworksBuildPhase section */

/* Begin PBXGroup section */
		FFA618052D5E9DB700BF07F3 = {
			isa = PBXGroup;
			children = (
				FFA618102D5E9DB700BF07F3 /* currencyConverter */,
				FFA618272D5E9DB800BF07F3 /* currencyConverterTests */,
				FFA618312D5E9DB800BF07F3 /* currencyConverterUITests */,
				FFA6180F2D5E9DB700BF07F3 /* Products */,
			);
			sourceTree = "<group>";
		};
		FFA6180F2D5E9DB700BF07F3 /* Products */ = {
			isa = PBXGroup;
			children = (
				FFA6180E2D5E9DB700BF07F3 /* currencyConverter.app */,
				FFA618242D5E9DB800BF07F3 /* currencyConverterTests.xctest */,
				FFA6182E2D5E9DB800BF07F3 /* currencyConverterUITests.xctest */,
			);
			name = Products;
			sourceTree = "<group>";
		};
/* End PBXGroup section */

/* Begin PBXNativeTarget section */
		FFA6180D2D5E9DB700BF07F3 /* currencyConverter */ = {
			isa = PBXNativeTarget;
			buildConfigurationList = FFA618372D5E9DB800BF07F3 /* Build configuration list for PBXNativeTarget "currencyConverter" */;
			buildPhases = (
				FFA6180A2D5E9DB700BF07F3 /* Sources */,
				FFA6180B2D5E9DB700BF07F3 /* Frameworks */,
				FFA6180C2D5E9DB700BF07F3 /* Resources */,
			);
			buildRules = (
			);
			dependencies = (
			);
			fileSystemSynchronizedGroups = (
				FFA618102D5E9DB700BF07F3 /* currencyConverter */,
			);
			name = currencyConverter;
			packageProductDependencies = (
			);
			productName = currencyConverter;
			productReference = FFA6180E2D5E9DB700BF07F3 /* currencyConverter.app */;
			productType = "com.apple.product-type.application";
		};
		FFA618232D5E9DB800BF07F3 /* currencyConverterTests */ = {
			isa = PBXNativeTarget;
			buildConfigurationList = FFA6183C2D5E9DB800BF07F3 /* Build configuration list for PBXNativeTarget "currencyConverterTests" */;
			buildPhases = (
				FFA618202D5E9DB800BF07F3 /* Sources */,
				FFA618212D5E9DB800BF07F3 /* Frameworks */,
				FFA618222D5E9DB800BF07F3 /* Resources */,
			);
			buildRules = (
			);
			dependencies = (
				FFA618262D5E9DB800BF07F3 /* PBXTargetDependency */,
			);
			fileSystemSynchronizedGroups = (
				FFA618272D5E9DB800BF07F3 /* currencyConverterTests */,
			);
			name = currencyConverterTests;
			packageProductDependencies = (
			);
			productName = currencyConverterTests;
			productReference = FFA618242D5E9DB800BF07F3 /* currencyConverterTests.xctest */;
			productType = "com.apple.product-type.bundle.unit-test";
		};
		FFA6182D2D5E9DB800BF07F3 /* currencyConverterUITests */ = {
			isa = PBXNativeTarget;
			buildConfigurationList = FFA6183F2D5E9DB800BF07F3 /* Build configuration list for PBXNativeTarget "currencyConverterUITests" */;
			buildPhases = (
				FFA6182A2D5E9DB800BF07F3 /* Sources */,
				FFA6182B2D5E9DB800BF07F3 /* Frameworks */,
				FFA6182C2D5E9DB800BF07F3 /* Resources */,
			);
			buildRules = (
			);
			dependencies = (
				FFA618302D5E9DB800BF07F3 /* PBXTargetDependency */,
			);
			fileSystemSynchronizedGroups = (
				FFA618312D5E9DB800BF07F3 /* currencyConverterUITests */,
			);
			name = currencyConverterUITests;
			packageProductDependencies = (
			);
			productName = currencyConverterUITests;
			productReference = FFA6182E2D5E9DB800BF07F3 /* currencyConverterUITests.xctest */;
			productType = "com.apple.product-type.bundle.ui-testing";
		};
/* End PBXNativeTarget section */

/* Begin PBXProject section */
		FFA618062D5E9DB700BF07F3 /* Project object */ = {
			isa = PBXProject;
			attributes = {
				BuildIndependentTargetsInParallel = 1;
				LastSwiftUpdateCheck = 1620;
				LastUpgradeCheck = 1620;
				TargetAttributes = {
					FFA6180D2D5E9DB700BF07F3 = {
						CreatedOnToolsVersion = 16.2;
					};
					FFA618232D5E9DB800BF07F3 = {
						CreatedOnToolsVersion = 16.2;
						TestTargetID = FFA6180D2D5E9DB700BF07F3;
					};
					FFA6182D2D5E9DB800BF07F3 = {
						CreatedOnToolsVersion = 16.2;
						TestTargetID = FFA6180D2D5E9DB700BF07F3;
					};
				};
			};
			buildConfigurationList = FFA618092D5E9DB700BF07F3 /* Build configuration list for PBXProject "currencyConverter" */;
			developmentRegion = en;
			hasScannedForEncodings = 0;
			knownRegions = (
				en,
				Base,
			);
			mainGroup = FFA618052D5E9DB700BF07F3;
			minimizedProjectReferenceProxies = 1;
			preferredProjectObjectVersion = 77;
			productRefGroup = FFA6180F2D5E9DB700BF07F3 /* Products */;
			projectDirPath = "";
			projectRoot = "";
			targets = (
				FFA6180D2D5E9DB700BF07F3 /* currencyConverter */,
				FFA618232D5E9DB800BF07F3 /* currencyConverterTests */,
				FFA6182D2D5E9DB800BF07F3 /* currencyConverterUITests */,
			);
		};
/* End PBXProject section */

/* Begin PBXResourcesBuildPhase section */
		FFA6180C2D5E9DB700BF07F3 /* Resources */ = {
			isa = PBXResourcesBuildPhase;
			buildActionMask = 2147483647;
			files = (
			);
			runOnlyForDeploymentPostprocessing = 0;
		};
		FFA618222D5E9DB800BF07F3 /* Resources */ = {
			isa = PBXResourcesBuildPhase;
			buildActionMask = 2147483647;
			files = (
			);
			runOnlyForDeploymentPostprocessing = 0;
		};
		FFA6182C2D5E9DB800BF07F3 /* Resources */ = {
			isa = PBXResourcesBuildPhase;
			buildActionMask = 2147483647;
			files = (
			);
			runOnlyForDeploymentPostprocessing = 0;
		};
/* End PBXResourcesBuildPhase section */

/* Begin PBXSourcesBuildPhase section */
		FFA6180A2D5E9DB700BF07F3 /* Sources */ = {
			isa = PBXSourcesBuildPhase;
			buildActionMask = 2147483647;
			files = (
			);
			runOnlyForDeploymentPostprocessing = 0;
		};
		FFA618202D5E9DB800BF07F3 /* Sources */ = {
			isa = PBXSourcesBuildPhase;
			buildActionMask = 2147483647;
			files = (
			);
			runOnlyForDeploymentPostprocessing = 0;
		};
		FFA6182A2D5E9DB800BF07F3 /* Sources */ = {
			isa = PBXSourcesBuildPhase;
			buildActionMask = 2147483647;
			files = (
			);
			runOnlyForDeploymentPostprocessing = 0;
		};
/* End PBXSourcesBuildPhase section */

/* Begin PBXTargetDependency section */
		FFA618262D5E9DB800BF07F3 /* PBXTargetDependency */ = {
			isa = PBXTargetDependency;
			target = FFA6180D2D5E9DB700BF07F3 /* currencyConverter */;
			targetProxy = FFA618252D5E9DB800BF07F3 /* PBXContainerItemProxy */;
		};
		FFA618302D5E9DB800BF07F3 /* PBXTargetDependency */ = {
			isa = PBXTargetDependency;
			target = FFA6180D2D5E9DB700BF07F3 /* currencyConverter */;
			targetProxy = FFA6182F2D5E9DB800BF07F3 /* PBXContainerItemProxy */;
		};
/* End PBXTargetDependency section */

/* Begin XCBuildConfiguration section */
		FFA618382D5E9DB800BF07F3 /* Debug */ = {
			isa = XCBuildConfiguration;
			buildSettings = {
				ASSETCATALOG_COMPILER_APPICON_NAME = AppIcon;
				ASSETCATALOG_COMPILER_GLOBAL_ACCENT_COLOR_NAME = AccentColor;
				CODE_SIGN_STYLE = Automatic;
				CURRENT_PROJECT_VERSION = 1;
				GENERATE_INFOPLIST_FILE = YES;
				INFOPLIST_FILE = currencyConverter/Info.plist;
				INFOPLIST_KEY_UIApplicationSupportsIndirectInputEvents = YES;
				INFOPLIST_KEY_UILaunchStoryboardName = LaunchScreen;
				INFOPLIST_KEY_UIMainStoryboardFile = Main;
				INFOPLIST_KEY_UISupportedInterfaceOrientations_iPad = "UIInterfaceOrientationPortrait UIInterfaceOrientationPortraitUpsideDown UIInterfaceOrientationLandscapeLeft UIInterfaceOrientationLandscapeRight";
				INFOPLIST_KEY_UISupportedInterfaceOrientations_iPhone = "UIInterfaceOrientationPortrait UIInterfaceOrientationLandscapeLeft UIInterfaceOrientationLandscapeRight";
				LD_RUNPATH_SEARCH_PATHS = (
					"$(inherited)",
					"@executable_path/Frameworks",
				);
				MARKETING_VERSION = 1.0;
				PRODUCT_BUNDLE_IDENTIFIER = MobileApps.currencyConverter;
				PRODUCT_NAME = "$(TARGET_NAME)";
				SWIFT_EMIT_LOC_STRINGS = YES;
				SWIFT_VERSION = 5.0;
				TARGETED_DEVICE_FAMILY = "1,2";
			};
			name = Debug;
		};
		FFA618392D5E9DB800BF07F3 /* Release */ = {
			isa = XCBuildConfiguration;
			buildSettings = {
				ASSETCATALOG_COMPILER_APPICON_NAME = AppIcon;
				ASSETCATALOG_COMPILER_GLOBAL_ACCENT_COLOR_NAME = AccentColor;
				CODE_SIGN_STYLE = Automatic;
				CURRENT_PROJECT_VERSION = 1;
				GENERATE_INFOPLIST_FILE = YES;
				INFOPLIST_FILE = currencyConverter/Info.plist;
				INFOPLIST_KEY_UIApplicationSupportsIndirectInputEvents = YES;
				INFOPLIST_KEY_UILaunchStoryboardName = LaunchScreen;
				INFOPLIST_KEY_UIMainStoryboardFile = Main;
				INFOPLIST_KEY_UISupportedInterfaceOrientations_iPad = "UIInterfaceOrientationPortrait UIInterfaceOrientationPortraitUpsideDown UIInterfaceOrientationLandscapeLeft UIInterfaceOrientationLandscapeRight";
				INFOPLIST_KEY_UISupportedInterfaceOrientations_iPhone = "UIInterfaceOrientationPortrait UIInterfaceOrientationLandscapeLeft UIInterfaceOrientationLandscapeRight";
				LD_RUNPATH_SEARCH_PATHS = (
					"$(inherited)",
					"@executable_path/Frameworks",
				);
				MARKETING_VERSION = 1.0;
				PRODUCT_BUNDLE_IDENTIFIER = MobileApps.currencyConverter;
				PRODUCT_NAME = "$(TARGET_NAME)";
				SWIFT_EMIT_LOC_STRINGS = YES;
				SWIFT_VERSION = 5.0;
				TARGETED_DEVICE_FAMILY = "1,2";
			};
			name = Release;
		};
		FFA6183A2D5E9DB800BF07F3 /* Debug */ = {
			isa = XCBuildConfiguration;
			buildSettings = {
				ALWAYS_SEARCH_USER_PATHS = NO;
				ASSETCATALOG_COMPILER_GENERATE_SWIFT_ASSET_SYMBOL_EXTENSIONS = YES;
				CLANG_ANALYZER_NONNULL = YES;
				CLANG_ANALYZER_NUMBER_OBJECT_CONVERSION = YES_AGGRESSIVE;
				CLANG_CXX_LANGUAGE_STANDARD = "gnu++20";
				CLANG_ENABLE_MODULES = YES;
				CLANG_ENABLE_OBJC_ARC = YES;
				CLANG_ENABLE_OBJC_WEAK = YES;
				CLANG_WARN_BLOCK_CAPTURE_AUTORELEASING = YES;
				CLANG_WARN_BOOL_CONVERSION = YES;
				CLANG_WARN_COMMA = YES;
				CLANG_WARN_CONSTANT_CONVERSION = YES;
				CLANG_WARN_DEPRECATED_OBJC_IMPLEMENTATIONS = YES;
				CLANG_WARN_DIRECT_OBJC_ISA_USAGE = YES_ERROR;
				CLANG_WARN_DOCUMENTATION_COMMENTS = YES;
				CLANG_WARN_EMPTY_BODY = YES;
				CLANG_WARN_ENUM_CONVERSION = YES;
				CLANG_WARN_INFINITE_RECURSION = YES;
				CLANG_WARN_INT_CONVERSION = YES;
				CLANG_WARN_NON_LITERAL_NULL_CONVERSION = YES;
				CLANG_WARN_OBJC_IMPLICIT_RETAIN_SELF = YES;
				CLANG_WARN_OBJC_LITERAL_CONVERSION = YES;
				CLANG_WARN_OBJC_ROOT_CLASS = YES_ERROR;
				CLANG_WARN_QUOTED_INCLUDE_IN_FRAMEWORK_HEADER = YES;
				CLANG_WARN_RANGE_LOOP_ANALYSIS = YES;
				CLANG_WARN_STRICT_PROTOTYPES = YES;
				CLANG_WARN_SUSPICIOUS_MOVE = YES;
				CLANG_WARN_UNGUARDED_AVAILABILITY = YES_AGGRESSIVE;
				CLANG_WARN_UNREACHABLE_CODE = YES;
				CLANG_WARN__DUPLICATE_METHOD_MATCH = YES;
				COPY_PHASE_STRIP = NO;
				DEBUG_INFORMATION_FORMAT = dwarf;
				ENABLE_STRICT_OBJC_MSGSEND = YES;
				ENABLE_TESTABILITY = YES;
				ENABLE_USER_SCRIPT_SANDBOXING = YES;
				GCC_C_LANGUAGE_STANDARD = gnu17;
				GCC_DYNAMIC_NO_PIC = NO;
				GCC_NO_COMMON_BLOCKS = YES;
				GCC_OPTIMIZATION_LEVEL = 0;
				GCC_PREPROCESSOR_DEFINITIONS = (
					"DEBUG=1",
					"$(inherited)",
				);
				GCC_WARN_64_TO_32_BIT_CONVERSION = YES;
				GCC_WARN_ABOUT_RETURN_TYPE = YES_ERROR;
				GCC_WARN_UNDECLARED_SELECTOR = YES;
				GCC_WARN_UNINITIALIZED_AUTOS = YES_AGGRESSIVE;
				GCC_WARN_UNUSED_FUNCTION = YES;
				GCC_WARN_UNUSED_VARIABLE = YES;
				IPHONEOS_DEPLOYMENT_TARGET = 18.2;
				LOCALIZATION_PREFERS_STRING_CATALOGS = YES;
				MTL_ENABLE_DEBUG_INFO = INCLUDE_SOURCE;
				MTL_FAST_MATH = YES;
				ONLY_ACTIVE_ARCH = YES;
				SDKROOT = iphoneos;
				SWIFT_ACTIVE_COMPILATION_CONDITIONS = "DEBUG $(inherited)";
				SWIFT_OPTIMIZATION_LEVEL = "-Onone";
			};
			name = Debug;
		};
		FFA6183B2D5E9DB800BF07F3 /* Release */ = {
			isa = XCBuildConfiguration;
			buildSettings = {
				ALWAYS_SEARCH_USER_PATHS = NO;
				ASSETCATALOG_COMPILER_GENERATE_SWIFT_ASSET_SYMBOL_EXTENSIONS = YES;
				CLANG_ANALYZER_NONNULL = YES;
				CLANG_ANALYZER_NUMBER_OBJECT_CONVERSION = YES_AGGRESSIVE;
				CLANG_CXX_LANGUAGE_STANDARD = "gnu++20";
				CLANG_ENABLE_MODULES = YES;
				CLANG_ENABLE_OBJC_ARC = YES;
				CLANG_ENABLE_OBJC_WEAK = YES;
				CLANG_WARN_BLOCK_CAPTURE_AUTORELEASING = YES;
				CLANG_WARN_BOOL_CONVERSION = YES;
				CLANG_WARN_COMMA = YES;
				CLANG_WARN_CONSTANT_CONVERSION = YES;
				CLANG_WARN_DEPRECATED_OBJC_IMPLEMENTATIONS = YES;
				CLANG_WARN_DIRECT_OBJC_ISA_USAGE = YES_ERROR;
				CLANG_WARN_DOCUMENTATION_COMMENTS = YES;
				CLANG_WARN_EMPTY_BODY = YES;
				CLANG_WARN_ENUM_CONVERSION = YES;
				CLANG_WARN_INFINITE_RECURSION = YES;
				CLANG_WARN_INT_CONVERSION = YES;
				CLANG_WARN_NON_LITERAL_NULL_CONVERSION = YES;
				CLANG_WARN_OBJC_IMPLICIT_RETAIN_SELF = YES;
				CLANG_WARN_OBJC_LITERAL_CONVERSION = YES;
				CLANG_WARN_OBJC_ROOT_CLASS = YES_ERROR;
				CLANG_WARN_QUOTED_INCLUDE_IN_FRAMEWORK_HEADER = YES;
				CLANG_WARN_RANGE_LOOP_ANALYSIS = YES;
				CLANG_WARN_STRICT_PROTOTYPES = YES;
				CLANG_WARN_SUSPICIOUS_MOVE = YES;
				CLANG_WARN_UNGUARDED_AVAILABILITY = YES_AGGRESSIVE;
				CLANG_WARN_UNREACHABLE_CODE = YES;
				CLANG_WARN__DUPLICATE_METHOD_MATCH = YES;
				COPY_PHASE_STRIP = NO;
				DEBUG_INFORMATION_FORMAT = "dwarf-with-dsym";
				ENABLE_NS_ASSERTIONS = NO;
				ENABLE_STRICT_OBJC_MSGSEND = YES;
				ENABLE_USER_SCRIPT_SANDBOXING = YES;
				GCC_C_LANGUAGE_STANDARD = gnu17;
				GCC_NO_COMMON_BLOCKS = YES;
				GCC_WARN_64_TO_32_BIT_CONVERSION = YES;
				GCC_WARN_ABOUT_RETURN_TYPE = YES_ERROR;
				GCC_WARN_UNDECLARED_SELECTOR = YES;
				GCC_WARN_UNINITIALIZED_AUTOS = YES_AGGRESSIVE;
				GCC_WARN_UNUSED_FUNCTION = YES;
				GCC_WARN_UNUSED_VARIABLE = YES;
				IPHONEOS_DEPLOYMENT_TARGET = 18.2;
				LOCALIZATION_PREFERS_STRING_CATALOGS = YES;
				MTL_ENABLE_DEBUG_INFO = NO;
				MTL_FAST_MATH = YES;
				SDKROOT = iphoneos;
				SWIFT_COMPILATION_MODE = wholemodule;
				VALIDATE_PRODUCT = YES;
			};
			name = Release;
		};
		FFA6183D2D5E9DB800BF07F3 /* Debug */ = {
			isa = XCBuildConfiguration;
			buildSettings = {
				BUNDLE_LOADER = "$(TEST_HOST)";
				CODE_SIGN_STYLE = Automatic;
				CURRENT_PROJECT_VERSION = 1;
				GENERATE_INFOPLIST_FILE = YES;
				IPHONEOS_DEPLOYMENT_TARGET = 18.2;
				MARKETING_VERSION = 1.0;
				PRODUCT_BUNDLE_IDENTIFIER = MobileApps.currencyConverterTests;
				PRODUCT_NAME = "$(TARGET_NAME)";
				SWIFT_EMIT_LOC_STRINGS = NO;
				SWIFT_VERSION = 5.0;
				TARGETED_DEVICE_FAMILY = "1,2";
				TEST_HOST = "$(BUILT_PRODUCTS_DIR)/currencyConverter.app/$(BUNDLE_EXECUTABLE_FOLDER_PATH)/currencyConverter";
			};
			name = Debug;
		};
		FFA6183E2D5E9DB800BF07F3 /* Release */ = {
			isa = XCBuildConfiguration;
			buildSettings = {
				BUNDLE_LOADER = "$(TEST_HOST)";
				CODE_SIGN_STYLE = Automatic;
				CURRENT_PROJECT_VERSION = 1;
				GENERATE_INFOPLIST_FILE = YES;
				IPHONEOS_DEPLOYMENT_TARGET = 18.2;
				MARKETING_VERSION = 1.0;
				PRODUCT_BUNDLE_IDENTIFIER = MobileApps.currencyConverterTests;
				PRODUCT_NAME = "$(TARGET_NAME)";
				SWIFT_EMIT_LOC_STRINGS = NO;
				SWIFT_VERSION = 5.0;
				TARGETED_DEVICE_FAMILY = "1,2";
				TEST_HOST = "$(BUILT_PRODUCTS_DIR)/currencyConverter.app/$(BUNDLE_EXECUTABLE_FOLDER_PATH)/currencyConverter";
			};
			name = Release;
		};
		FFA618402D5E9DB800BF07F3 /* Debug */ = {
			isa = XCBuildConfiguration;
			buildSettings = {
				CODE_SIGN_STYLE = Automatic;
				CURRENT_PROJECT_VERSION = 1;
				GENERATE_INFOPLIST_FILE = YES;
				MARKETING_VERSION = 1.0;
				PRODUCT_BUNDLE_IDENTIFIER = MobileApps.currencyConverterUITests;
				PRODUCT_NAME = "$(TARGET_NAME)";
				SWIFT_EMIT_LOC_STRINGS = NO;
				SWIFT_VERSION = 5.0;
				TARGETED_DEVICE_FAMILY = "1,2";
				TEST_TARGET_NAME = currencyConverter;
			};
			name = Debug;
		};
		FFA618412D5E9DB800BF07F3 /* Release */ = {
			isa = XCBuildConfiguration;
			buildSettings = {
				CODE_SIGN_STYLE = Automatic;
				CURRENT_PROJECT_VERSION = 1;
				GENERATE_INFOPLIST_FILE = YES;
				MARKETING_VERSION = 1.0;
				PRODUCT_BUNDLE_IDENTIFIER = MobileApps.currencyConverterUITests;
				PRODUCT_NAME = "$(TARGET_NAME)";
				SWIFT_EMIT_LOC_STRINGS = NO;
				SWIFT_VERSION = 5.0;
				TARGETED_DEVICE_FAMILY = "1,2";
				TEST_TARGET_NAME = currencyConverter;
			};
			name = Release;
		};
/* End XCBuildConfiguration section */

/* Begin XCConfigurationList section */
		FFA618092D5E9DB700BF07F3 /* Build configuration list for PBXProject "currencyConverter" */ = {
			isa = XCConfigurationList;
			buildConfigurations = (
				FFA6183A2D5E9DB800BF07F3 /* Debug */,
				FFA6183B2D5E9DB800BF07F3 /* Release */,
			);
			defaultConfigurationIsVisible = 0;
			defaultConfigurationName = Release;
		};
		FFA618372D5E9DB800BF07F3 /* Build configuration list for PBXNativeTarget "currencyConverter" */ = {
			isa = XCConfigurationList;
			buildConfigurations = (
				FFA618382D5E9DB800BF07F3 /* Debug */,
				FFA618392D5E9DB800BF07F3 /* Release */,
			);
			defaultConfigurationIsVisible = 0;
			defaultConfigurationName = Release;
		};
		FFA6183C2D5E9DB800BF07F3 /* Build configuration list for PBXNativeTarget "currencyConverterTests" */ = {
			isa = XCConfigurationList;
			buildConfigurations = (
				FFA6183D2D5E9DB800BF07F3 /* Debug */,
				FFA6183E2D5E9DB800BF07F3 /* Release */,
			);
			defaultConfigurationIsVisible = 0;
			defaultConfigurationName = Release;
		};
		FFA6183F2D5E9DB800BF07F3 /* Build configuration list for PBXNativeTarget "currencyConverterUITests" */ = {
			isa = XCConfigurationList;
			buildConfigurations = (
				FFA618402D5E9DB800BF07F3 /* Debug */,
				FFA618412D5E9DB800BF07F3 /* Release */,
			);
			defaultConfigurationIsVisible = 0;
			defaultConfigurationName = Release;
		};
/* End XCConfigurationList section */
	};
	rootObject = FFA618062D5E9DB700BF07F3 /* Project object */;
}
